Microsoft Visual Studio Solution File, Format Version 12.00
# Visual Studio Version 17
VisualStudioVersion = 17.0.31903.59
MinimumVisualStudioVersion = 10.0.40219.1
Project("{9A19103F-16F7-4668-BE54-9A1E7A4F7556}") = "BuildAI.Core", "src\BuildAI.Core\BuildAI.Core.csproj", "{A1111111-1111-1111-1111-111111111111}"
EndProject
Project("{9A19103F-16F7-4668-BE54-9A1E7A4F7556}") = "Plugin1.TimeModelAnalytics", "src\Plugin1.TimeModelAnalytics\Plugin1.TimeModelAnalytics.csproj", "{B2222222-2222-2222-2222-222222222222}"
EndProject
Project("{9A19103F-16F7-4668-BE54-9A1E7A4F7556}") = "Plugin2.VolumeEstimator", "src\Plugin2.VolumeEstimator\Plugin2.VolumeEstimator.csproj", "{C3333333-3333-3333-3333-333333333333}"
EndProject
Project("{9A19103F-16F7-4668-BE54-9A1E7A4F7556}") = "Plugin3.LinkChangeMonitor", "src\Plugin3.LinkChangeMonitor\Plugin3.LinkChangeMonitor.csproj", "{D4444444-4444-4444-4444-444444444444}"
EndProject
Project("{9A19103F-16F7-4668-BE54-9A1E7A4F7556}") = "Plugin4.LinkComparatorAI", "src\Plugin4.LinkComparatorAI\Plugin4.LinkComparatorAI.csproj", "{E5555555-5555-5555-5555-555555555555}"
EndProject
Project("{9A19103F-16F7-4668-BE54-9A1E7A4F7556}") = "Plugin5.ClashFormaIntegration", "src\Plugin5.ClashFormaIntegration\Plugin5.ClashFormaIntegration.csproj", "{F6666666-6666-6666-6666-666666666666}"
EndProject
Global
	GlobalSection(SolutionConfigurationPlatforms) = preSolution
		Debug R23|Any CPU = Debug R23|Any CPU
		Debug R24|Any CPU = Debug R24|Any CPU
		Debug R25|Any CPU = Debug R25|Any CPU
		Debug R26|Any CPU = Debug R26|Any CPU
		Release R23|Any CPU = Release R23|Any CPU
		Release R24|Any CPU = Release R24|Any CPU
		Release R25|Any CPU = Release R25|Any CPU
		Release R26|Any CPU = Release R26|Any CPU
	EndGlobalSection
	GlobalSection(ProjectConfigurationPlatforms) = postSolution
		{F6666666-6666-6666-6666-666666666666}.Debug R23|Any CPU.ActiveCfg = Debug R23|Any CPU
		{F6666666-6666-6666-6666-666666666666}.Debug R23|Any CPU.Build.0 = Debug R23|Any CPU
		{F6666666-6666-6666-6666-666666666666}.Debug R24|Any CPU.ActiveCfg = Debug R24|Any CPU
		{F6666666-6666-6666-6666-666666666666}.Debug R24|Any CPU.Build.0 = Debug R24|Any CPU
		{F6666666-6666-6666-6666-666666666666}.Debug R25|Any CPU.ActiveCfg = Debug R25|Any CPU
		{F6666666-6666-6666-6666-666666666666}.Debug R25|Any CPU.Build.0 = Debug R25|Any CPU
		{F6666666-6666-6666-6666-666666666666}.Debug R26|Any CPU.ActiveCfg = Debug R26|Any CPU
		{F6666666-6666-6666-6666-666666666666}.Debug R26|Any CPU.Build.0 = Debug R26|Any CPU
		{F6666666-6666-6666-6666-666666666666}.Release R23|Any CPU.ActiveCfg = Release R23|Any CPU
		{F6666666-6666-6666-6666-666666666666}.Release R23|Any CPU.Build.0 = Release R23|Any CPU
		{F6666666-6666-6666-6666-666666666666}.Release R24|Any CPU.ActiveCfg = Release R24|Any CPU
		{F6666666-6666-6666-6666-666666666666}.Release R24|Any CPU.Build.0 = Release R24|Any CPU
		{F6666666-6666-6666-6666-666666666666}.Release R25|Any CPU.ActiveCfg = Release R25|Any CPU
		{F6666666-6666-6666-6666-666666666666}.Release R25|Any CPU.Build.0 = Release R25|Any CPU
		{F6666666-6666-6666-6666-666666666666}.Release R26|Any CPU.ActiveCfg = Release R26|Any CPU
		{F6666666-6666-6666-6666-666666666666}.Release R26|Any CPU.Build.0 = Release R26|Any CPU
		{A1111111-1111-1111-1111-111111111111}.Debug R23|Any CPU.ActiveCfg = Debug R23|Any CPU
		{A1111111-1111-1111-1111-111111111111}.Debug R23|Any CPU.Build.0 = Debug R23|Any CPU
		{A1111111-1111-1111-1111-111111111111}.Debug R24|Any CPU.ActiveCfg = Debug R24|Any CPU
		{A1111111-1111-1111-1111-111111111111}.Debug R24|Any CPU.Build.0 = Debug R24|Any CPU
		{A1111111-1111-1111-1111-111111111111}.Debug R25|Any CPU.ActiveCfg = Debug R25|Any CPU
		{A1111111-1111-1111-1111-111111111111}.Debug R25|Any CPU.Build.0 = Debug R25|Any CPU
		{A1111111-1111-1111-1111-111111111111}.Debug R26|Any CPU.ActiveCfg = Debug R26|Any CPU
		{A1111111-1111-1111-1111-111111111111}.Debug R26|Any CPU.Build.0 = Debug R26|Any CPU
		{A1111111-1111-1111-1111-111111111111}.Release R23|Any CPU.ActiveCfg = Release R23|Any CPU
		{A1111111-1111-1111-1111-111111111111}.Release R23|Any CPU.Build.0 = Release R23|Any CPU
		{A1111111-1111-1111-1111-111111111111}.Release R24|Any CPU.ActiveCfg = Release R24|Any CPU
		{A1111111-1111-1111-1111-111111111111}.Release R24|Any CPU.Build.0 = Release R24|Any CPU
		{A1111111-1111-1111-1111-111111111111}.Release R25|Any CPU.ActiveCfg = Release R25|Any CPU
		{A1111111-1111-1111-1111-111111111111}.Release R25|Any CPU.Build.0 = Release R25|Any CPU
		{A1111111-1111-1111-1111-111111111111}.Release R26|Any CPU.ActiveCfg = Release R26|Any CPU
		{A1111111-1111-1111-1111-111111111111}.Release R26|Any CPU.Build.0 = Release R26|Any CPU
		{B2222222-2222-2222-2222-222222222222}.Debug R23|Any CPU.ActiveCfg = Debug R23|Any CPU
		{B2222222-2222-2222-2222-222222222222}.Debug R23|Any CPU.Build.0 = Debug R23|Any CPU
		{B2222222-2222-2222-2222-222222222222}.Debug R24|Any CPU.ActiveCfg = Debug R24|Any CPU
		{B2222222-2222-2222-2222-222222222222}.Debug R24|Any CPU.Build.0 = Debug R24|Any CPU
		{B2222222-2222-2222-2222-222222222222}.Debug R25|Any CPU.ActiveCfg = Debug R25|Any CPU
		{B2222222-2222-2222-2222-222222222222}.Debug R25|Any CPU.Build.0 = Debug R25|Any CPU
		{B2222222-2222-2222-2222-222222222222}.Debug R26|Any CPU.ActiveCfg = Debug R26|Any CPU
		{B2222222-2222-2222-2222-222222222222}.Debug R26|Any CPU.Build.0 = Debug R26|Any CPU
		{B2222222-2222-2222-2222-222222222222}.Release R23|Any CPU.ActiveCfg = Release R23|Any CPU
		{B2222222-2222-2222-2222-222222222222}.Release R23|Any CPU.Build.0 = Release R23|Any CPU
		{B2222222-2222-2222-2222-222222222222}.Release R24|Any CPU.ActiveCfg = Release R24|Any CPU
		{B2222222-2222-2222-2222-222222222222}.Release R24|Any CPU.Build.0 = Release R24|Any CPU
		{B2222222-2222-2222-2222-222222222222}.Release R25|Any CPU.ActiveCfg = Release R25|Any CPU
		{B2222222-2222-2222-2222-222222222222}.Release R25|Any CPU.Build.0 = Release R25|Any CPU
		{B2222222-2222-2222-2222-222222222222}.Release R26|Any CPU.ActiveCfg = Release R26|Any CPU
		{B2222222-2222-2222-2222-222222222222}.Release R26|Any CPU.Build.0 = Release R26|Any CPU
		{C3333333-3333-3333-3333-333333333333}.Debug R23|Any CPU.ActiveCfg = Debug R23|Any CPU
		{C3333333-3333-3333-3333-333333333333}.Debug R23|Any CPU.Build.0 = Debug R23|Any CPU
		{C3333333-3333-3333-3333-333333333333}.Debug R24|Any CPU.ActiveCfg = Debug R24|Any CPU
		{C3333333-3333-3333-3333-333333333333}.Debug R24|Any CPU.Build.0 = Debug R24|Any CPU
		{C3333333-3333-3333-3333-333333333333}.Debug R25|Any CPU.ActiveCfg = Debug R25|Any CPU
		{C3333333-3333-3333-3333-333333333333}.Debug R25|Any CPU.Build.0 = Debug R25|Any CPU
		{C3333333-3333-3333-3333-333333333333}.Debug R26|Any CPU.ActiveCfg = Debug R26|Any CPU
		{C3333333-3333-3333-3333-333333333333}.Debug R26|Any CPU.Build.0 = Debug R26|Any CPU
		{C3333333-3333-3333-3333-333333333333}.Release R23|Any CPU.ActiveCfg = Release R23|Any CPU
		{C3333333-3333-3333-3333-333333333333}.Release R23|Any CPU.Build.0 = Release R23|Any CPU
		{C3333333-3333-3333-3333-333333333333}.Release R24|Any CPU.ActiveCfg = Release R24|Any CPU
		{C3333333-3333-3333-3333-333333333333}.Release R24|Any CPU.Build.0 = Release R24|Any CPU
		{C3333333-3333-3333-3333-333333333333}.Release R25|Any CPU.ActiveCfg = Release R25|Any CPU
		{C3333333-3333-3333-3333-333333333333}.Release R25|Any CPU.Build.0 = Release R25|Any CPU
		{C3333333-3333-3333-3333-333333333333}.Release R26|Any CPU.ActiveCfg = Release R26|Any CPU
		{C3333333-3333-3333-3333-333333333333}.Release R26|Any CPU.Build.0 = Release R26|Any CPU
		{D4444444-4444-4444-4444-444444444444}.Debug R23|Any CPU.ActiveCfg = Debug R23|Any CPU
		{D4444444-4444-4444-4444-444444444444}.Debug R23|Any CPU.Build.0 = Debug R23|Any CPU
		{D4444444-4444-4444-4444-444444444444}.Debug R24|Any CPU.ActiveCfg = Debug R24|Any CPU
		{D4444444-4444-4444-4444-444444444444}.Debug R24|Any CPU.Build.0 = Debug R24|Any CPU
		{D4444444-4444-4444-4444-444444444444}.Debug R25|Any CPU.ActiveCfg = Debug R25|Any CPU
		{D4444444-4444-4444-4444-444444444444}.Debug R25|Any CPU.Build.0 = Debug R25|Any CPU
		{D4444444-4444-4444-4444-444444444444}.Debug R26|Any CPU.ActiveCfg = Debug R26|Any CPU
		{D4444444-4444-4444-4444-444444444444}.Debug R26|Any CPU.Build.0 = Debug R26|Any CPU
		{D4444444-4444-4444-4444-444444444444}.Release R23|Any CPU.ActiveCfg = Release R23|Any CPU
		{D4444444-4444-4444-4444-444444444444}.Release R23|Any CPU.Build.0 = Release R23|Any CPU
		{D4444444-4444-4444-4444-444444444444}.Release R24|Any CPU.ActiveCfg = Release R24|Any CPU
		{D4444444-4444-4444-4444-444444444444}.Release R24|Any CPU.Build.0 = Release R24|Any CPU
		{D4444444-4444-4444-4444-444444444444}.Release R25|Any CPU.ActiveCfg = Release R25|Any CPU
		{D4444444-4444-4444-4444-444444444444}.Release R25|Any CPU.Build.0 = Release R25|Any CPU
		{D4444444-4444-4444-4444-444444444444}.Release R26|Any CPU.ActiveCfg = Release R26|Any CPU
		{D4444444-4444-4444-4444-444444444444}.Release R26|Any CPU.Build.0 = Release R26|Any CPU
		{E5555555-5555-5555-5555-555555555555}.Debug R23|Any CPU.ActiveCfg = Debug R23|Any CPU
		{E5555555-5555-5555-5555-555555555555}.Debug R23|Any CPU.Build.0 = Debug R23|Any CPU
		{E5555555-5555-5555-5555-555555555555}.Debug R24|Any CPU.ActiveCfg = Debug R24|Any CPU
		{E5555555-5555-5555-5555-555555555555}.Debug R24|Any CPU.Build.0 = Debug R24|Any CPU
		{E5555555-5555-5555-5555-555555555555}.Debug R25|Any CPU.ActiveCfg = Debug R25|Any CPU
		{E5555555-5555-5555-5555-555555555555}.Debug R25|Any CPU.Build.0 = Debug R25|Any CPU
		{E5555555-5555-5555-5555-555555555555}.Debug R26|Any CPU.ActiveCfg = Debug R26|Any CPU
		{E5555555-5555-5555-5555-555555555555}.Debug R26|Any CPU.Build.0 = Debug R26|Any CPU
		{E5555555-5555-5555-5555-555555555555}.Release R23|Any CPU.ActiveCfg = Release R23|Any CPU
		{E5555555-5555-5555-5555-555555555555}.Release R23|Any CPU.Build.0 = Release R23|Any CPU
		{E5555555-5555-5555-5555-555555555555}.Release R24|Any CPU.ActiveCfg = Release R24|Any CPU
		{E5555555-5555-5555-5555-555555555555}.Release R24|Any CPU.Build.0 = Release R24|Any CPU
		{E5555555-5555-5555-5555-555555555555}.Release R25|Any CPU.ActiveCfg = Release R25|Any CPU
		{E5555555-5555-5555-5555-555555555555}.Release R25|Any CPU.Build.0 = Release R25|Any CPU
		{E5555555-5555-5555-5555-555555555555}.Release R26|Any CPU.ActiveCfg = Release R26|Any CPU
		{E5555555-5555-5555-5555-555555555555}.Release R26|Any CPU.Build.0 = Release R26|Any CPU
	EndGlobalSection
EndGlobal
